
Microsoft Visual Studio Solution File, Format Version 12.00
# Visual Studio Version 17
VisualStudioVersion = 17.8.34525.116
MinimumVisualStudioVersion = 10.0.40219.1
Project("{8BC9CEB8-8B4A-11D0-8D11-00A0C91BC942}") = "cpp-curve-x", "cpp-curve-x.vcxproj", "{19CCEA6E-A27B-4EDB-A645-0DF769DF2810}"
EndProject
Project("{8BC9CEB8-8B4A-11D0-8D11-00A0C91BC942}") = "curve-x", "curve-x.vcxproj", "{E7DB9330-44E2-48F0-BD7E-31E98369B276}"
EndProject
Global
	GlobalSection(SolutionConfigurationPlatforms) = preSolution
		Debug|x64 = Debug|x64
		Debug|x86 = Debug|x86
		Release|x64 = Release|x64
		Release|x86 = Release|x86
	EndGlobalSection
	GlobalSection(ProjectConfigurationPlatforms) = postSolution
		{19CCEA6E-A27B-4EDB-A645-0DF769DF2810}.Debug|x64.ActiveCfg = Debug|x64
		{19CCEA6E-A27B-4EDB-A645-0DF769DF2810}.Debug|x64.Build.0 = Debug|x64
		{19CCEA6E-A27B-4EDB-A645-0DF769DF2810}.Debug|x86.ActiveCfg = Debug|Win32
		{19CCEA6E-A27B-4EDB-A645-0DF769DF2810}.Debug|x86.Build.0 = Debug|Win32
		{19CCEA6E-A27B-4EDB-A645-0DF769DF2810}.Release|x64.ActiveCfg = Release|x64
		{19CCEA6E-A27B-4EDB-A645-0DF769DF2810}.Release|x64.Build.0 = Release|x64
		{19CCEA6E-A27B-4EDB-A645-0DF769DF2810}.Release|x86.ActiveCfg = Release|Win32
		{19CCEA6E-A27B-4EDB-A645-0DF769DF2810}.Release|x86.Build.0 = Release|Win32
		{E7DB9330-44E2-48F0-BD7E-31E98369B276}.Debug|x64.ActiveCfg = Debug|x64
		{E7DB9330-44E2-48F0-BD7E-31E98369B276}.Debug|x64.Build.0 = Debug|x64
		{E7DB9330-44E2-48F0-BD7E-31E98369B276}.Debug|x86.ActiveCfg = Debug|Win32
		{E7DB9330-44E2-48F0-BD7E-31E98369B276}.Debug|x86.Build.0 = Debug|Win32
		{E7DB9330-44E2-48F0-BD7E-31E98369B276}.Release|x64.ActiveCfg = Release|x64
		{E7DB9330-44E2-48F0-BD7E-31E98369B276}.Release|x64.Build.0 = Release|x64
		{E7DB9330-44E2-48F0-BD7E-31E98369B276}.Release|x86.ActiveCfg = Release|Win32
		{E7DB9330-44E2-48F0-BD7E-31E98369B276}.Release|x86.Build.0 = Release|Win32
	EndGlobalSection
	GlobalSection(SolutionProperties) = preSolution
		HideSolutionNode = FALSE
	EndGlobalSection
	GlobalSection(ExtensibilityGlobals) = postSolution
		SolutionGuid = {BE6130D5-66D4-41E8-9A8B-7D5EB27BA4CB}
	EndGlobalSection
EndGlobal
